
Microsoft Visual Studio Solution File, Format Version 12.00
# Visual Studio 15
VisualStudioVersion = 15.0.26730.16
MinimumVisualStudioVersion = 10.0.40219.1
Project("{FAE04EC0-301F-11D3-BF4B-00C04F79EFBC}") = "Contract", "Contract\Contract.csproj", "{AB1F9FEF-BCE7-446E-9039-EB215501C773}"
EndProject
Project("{FAE04EC0-301F-11D3-BF4B-00C04F79EFBC}") = "Ulord", "Ulord\Ulord.csproj", "{F82039B3-5473-4536-8834-7BA7AC66F103}"
EndProject
Project("{FAE04EC0-301F-11D3-BF4B-00C04F79EFBC}") = "Common", "Common\Common.csproj", "{084B4296-6DA9-435A-B3F1-403268095A05}"
EndProject
Project("{FAE04EC0-301F-11D3-BF4B-00C04F79EFBC}") = "Test", "Test\Test.csproj", "{034CD5AF-F956-4FE4-B79F-EF907A653E89}"
	ProjectSection(ProjectDependencies) = postProject
		{F82039B3-5473-4536-8834-7BA7AC66F103} = {F82039B3-5473-4536-8834-7BA7AC66F103}
	EndProjectSection
EndProject
Project("{FAE04EC0-301F-11D3-BF4B-00C04F79EFBC}") = "Miner-WPF", "Miner-WPF\Miner-WPF.csproj", "{83A50874-901B-4B77-B6B0-60AEEEA4CD08}"
	ProjectSection(ProjectDependencies) = postProject
		{F82039B3-5473-4536-8834-7BA7AC66F103} = {F82039B3-5473-4536-8834-7BA7AC66F103}
	EndProjectSection
EndProject
Project("{FAE04EC0-301F-11D3-BF4B-00C04F79EFBC}") = "Miner-UWP", "Miner-UWP\Miner-UWP.csproj", "{1882D0E5-D524-46AC-AD8C-6FA141867D7A}"
EndProject
Project("{54435603-DBB4-11D2-8724-00A0C9A8B90C}") = "Installer", "Installer\Installer.vdproj", "{36CF04D3-B58D-4FAC-BEEE-818FBF0EC555}"
EndProject
Global
	GlobalSection(SolutionConfigurationPlatforms) = preSolution
		Debug|Any CPU = Debug|Any CPU
		Debug|ARM = Debug|ARM
		Debug|x64 = Debug|x64
		Debug|x86 = Debug|x86
		Release|Any CPU = Release|Any CPU
		Release|ARM = Release|ARM
		Release|x64 = Release|x64
		Release|x86 = Release|x86
	EndGlobalSection
	GlobalSection(ProjectConfigurationPlatforms) = postSolution
		{AB1F9FEF-BCE7-446E-9039-EB215501C773}.Debug|Any CPU.ActiveCfg = Debug|Any CPU
		{AB1F9FEF-BCE7-446E-9039-EB215501C773}.Debug|Any CPU.Build.0 = Debug|Any CPU
		{AB1F9FEF-BCE7-446E-9039-EB215501C773}.Debug|ARM.ActiveCfg = Debug|Any CPU
		{AB1F9FEF-BCE7-446E-9039-EB215501C773}.Debug|ARM.Build.0 = Debug|Any CPU
		{AB1F9FEF-BCE7-446E-9039-EB215501C773}.Debug|x64.ActiveCfg = Debug|Any CPU
		{AB1F9FEF-BCE7-446E-9039-EB215501C773}.Debug|x64.Build.0 = Debug|Any CPU
		{AB1F9FEF-BCE7-446E-9039-EB215501C773}.Debug|x86.ActiveCfg = Debug|Any CPU
		{AB1F9FEF-BCE7-446E-9039-EB215501C773}.Debug|x86.Build.0 = Debug|Any CPU
		{AB1F9FEF-BCE7-446E-9039-EB215501C773}.Release|Any CPU.ActiveCfg = Release|Any CPU
		{AB1F9FEF-BCE7-446E-9039-EB215501C773}.Release|Any CPU.Build.0 = Release|Any CPU
		{AB1F9FEF-BCE7-446E-9039-EB215501C773}.Release|ARM.ActiveCfg = Release|Any CPU
		{AB1F9FEF-BCE7-446E-9039-EB215501C773}.Release|ARM.Build.0 = Release|Any CPU
		{AB1F9FEF-BCE7-446E-9039-EB215501C773}.Release|x64.ActiveCfg = Release|Any CPU
		{AB1F9FEF-BCE7-446E-9039-EB215501C773}.Release|x64.Build.0 = Release|Any CPU
		{AB1F9FEF-BCE7-446E-9039-EB215501C773}.Release|x86.ActiveCfg = Release|Any CPU
		{AB1F9FEF-BCE7-446E-9039-EB215501C773}.Release|x86.Build.0 = Release|Any CPU
		{F82039B3-5473-4536-8834-7BA7AC66F103}.Debug|Any CPU.ActiveCfg = Debug|Any CPU
		{F82039B3-5473-4536-8834-7BA7AC66F103}.Debug|Any CPU.Build.0 = Debug|Any CPU
		{F82039B3-5473-4536-8834-7BA7AC66F103}.Debug|ARM.ActiveCfg = Debug|Any CPU
		{F82039B3-5473-4536-8834-7BA7AC66F103}.Debug|ARM.Build.0 = Debug|Any CPU
		{F82039B3-5473-4536-8834-7BA7AC66F103}.Debug|x64.ActiveCfg = Debug|Any CPU
		{F82039B3-5473-4536-8834-7BA7AC66F103}.Debug|x64.Build.0 = Debug|Any CPU
		{F82039B3-5473-4536-8834-7BA7AC66F103}.Debug|x86.ActiveCfg = Debug|Any CPU
		{F82039B3-5473-4536-8834-7BA7AC66F103}.Debug|x86.Build.0 = Debug|Any CPU
		{F82039B3-5473-4536-8834-7BA7AC66F103}.Release|Any CPU.ActiveCfg = Release|Any CPU
		{F82039B3-5473-4536-8834-7BA7AC66F103}.Release|Any CPU.Build.0 = Release|Any CPU
		{F82039B3-5473-4536-8834-7BA7AC66F103}.Release|ARM.ActiveCfg = Release|Any CPU
		{F82039B3-5473-4536-8834-7BA7AC66F103}.Release|ARM.Build.0 = Release|Any CPU
		{F82039B3-5473-4536-8834-7BA7AC66F103}.Release|x64.ActiveCfg = Release|Any CPU
		{F82039B3-5473-4536-8834-7BA7AC66F103}.Release|x64.Build.0 = Release|Any CPU
		{F82039B3-5473-4536-8834-7BA7AC66F103}.Release|x86.ActiveCfg = Release|Any CPU
		{F82039B3-5473-4536-8834-7BA7AC66F103}.Release|x86.Build.0 = Release|Any CPU
		{084B4296-6DA9-435A-B3F1-403268095A05}.Debug|Any CPU.ActiveCfg = Debug|Any CPU
		{084B4296-6DA9-435A-B3F1-403268095A05}.Debug|Any CPU.Build.0 = Debug|Any CPU
		{084B4296-6DA9-435A-B3F1-403268095A05}.Debug|ARM.ActiveCfg = Debug|Any CPU
		{084B4296-6DA9-435A-B3F1-403268095A05}.Debug|ARM.Build.0 = Debug|Any CPU
		{084B4296-6DA9-435A-B3F1-403268095A05}.Debug|x64.ActiveCfg = Debug|Any CPU
		{084B4296-6DA9-435A-B3F1-403268095A05}.Debug|x64.Build.0 = Debug|Any CPU
		{084B4296-6DA9-435A-B3F1-403268095A05}.Debug|x86.ActiveCfg = Debug|Any CPU
		{084B4296-6DA9-435A-B3F1-403268095A05}.Debug|x86.Build.0 = Debug|Any CPU
		{084B4296-6DA9-435A-B3F1-403268095A05}.Release|Any CPU.ActiveCfg = Release|Any CPU
		{084B4296-6DA9-435A-B3F1-403268095A05}.Release|Any CPU.Build.0 = Release|Any CPU
		{084B4296-6DA9-435A-B3F1-403268095A05}.Release|ARM.ActiveCfg = Release|Any CPU
		{084B4296-6DA9-435A-B3F1-403268095A05}.Release|ARM.Build.0 = Release|Any CPU
		{084B4296-6DA9-435A-B3F1-403268095A05}.Release|x64.ActiveCfg = Release|Any CPU
		{084B4296-6DA9-435A-B3F1-403268095A05}.Release|x64.Build.0 = Release|Any CPU
		{084B4296-6DA9-435A-B3F1-403268095A05}.Release|x86.ActiveCfg = Release|Any CPU
		{084B4296-6DA9-435A-B3F1-403268095A05}.Release|x86.Build.0 = Release|Any CPU
		{034CD5AF-F956-4FE4-B79F-EF907A653E89}.Debug|Any CPU.ActiveCfg = Debug|Any CPU
		{034CD5AF-F956-4FE4-B79F-EF907A653E89}.Debug|Any CPU.Build.0 = Debug|Any CPU
		{034CD5AF-F956-4FE4-B79F-EF907A653E89}.Debug|ARM.ActiveCfg = Debug|Any CPU
		{034CD5AF-F956-4FE4-B79F-EF907A653E89}.Debug|ARM.Build.0 = Debug|Any CPU
		{034CD5AF-F956-4FE4-B79F-EF907A653E89}.Debug|x64.ActiveCfg = Debug|Any CPU
		{034CD5AF-F956-4FE4-B79F-EF907A653E89}.Debug|x64.Build.0 = Debug|Any CPU
		{034CD5AF-F956-4FE4-B79F-EF907A653E89}.Debug|x86.ActiveCfg = Debug|Any CPU
		{034CD5AF-F956-4FE4-B79F-EF907A653E89}.Debug|x86.Build.0 = Debug|Any CPU
		{034CD5AF-F956-4FE4-B79F-EF907A653E89}.Release|Any CPU.ActiveCfg = Release|Any CPU
		{034CD5AF-F956-4FE4-B79F-EF907A653E89}.Release|Any CPU.Build.0 = Release|Any CPU
		{034CD5AF-F956-4FE4-B79F-EF907A653E89}.Release|ARM.ActiveCfg = Release|Any CPU
		{034CD5AF-F956-4FE4-B79F-EF907A653E89}.Release|ARM.Build.0 = Release|Any CPU
		{034CD5AF-F956-4FE4-B79F-EF907A653E89}.Release|x64.ActiveCfg = Release|Any CPU
		{034CD5AF-F956-4FE4-B79F-EF907A653E89}.Release|x64.Build.0 = Release|Any CPU
		{034CD5AF-F956-4FE4-B79F-EF907A653E89}.Release|x86.ActiveCfg = Release|Any CPU
		{034CD5AF-F956-4FE4-B79F-EF907A653E89}.Release|x86.Build.0 = Release|Any CPU
		{83A50874-901B-4B77-B6B0-60AEEEA4CD08}.Debug|Any CPU.ActiveCfg = Debug|Any CPU
		{83A50874-901B-4B77-B6B0-60AEEEA4CD08}.Debug|Any CPU.Build.0 = Debug|Any CPU
		{83A50874-901B-4B77-B6B0-60AEEEA4CD08}.Debug|ARM.ActiveCfg = Debug|Any CPU
		{83A50874-901B-4B77-B6B0-60AEEEA4CD08}.Debug|ARM.Build.0 = Debug|Any CPU
		{83A50874-901B-4B77-B6B0-60AEEEA4CD08}.Debug|x64.ActiveCfg = Debug|Any CPU
		{83A50874-901B-4B77-B6B0-60AEEEA4CD08}.Debug|x64.Build.0 = Debug|Any CPU
		{83A50874-901B-4B77-B6B0-60AEEEA4CD08}.Debug|x86.ActiveCfg = Debug|Any CPU
		{83A50874-901B-4B77-B6B0-60AEEEA4CD08}.Debug|x86.Build.0 = Debug|Any CPU
		{83A50874-901B-4B77-B6B0-60AEEEA4CD08}.Release|Any CPU.ActiveCfg = Release|Any CPU
		{83A50874-901B-4B77-B6B0-60AEEEA4CD08}.Release|Any CPU.Build.0 = Release|Any CPU
		{83A50874-901B-4B77-B6B0-60AEEEA4CD08}.Release|ARM.ActiveCfg = Release|Any CPU
		{83A50874-901B-4B77-B6B0-60AEEEA4CD08}.Release|ARM.Build.0 = Release|Any CPU
		{83A50874-901B-4B77-B6B0-60AEEEA4CD08}.Release|x64.ActiveCfg = Release|Any CPU
		{83A50874-901B-4B77-B6B0-60AEEEA4CD08}.Release|x64.Build.0 = Release|Any CPU
		{83A50874-901B-4B77-B6B0-60AEEEA4CD08}.Release|x86.ActiveCfg = Release|Any CPU
		{83A50874-901B-4B77-B6B0-60AEEEA4CD08}.Release|x86.Build.0 = Release|Any CPU
		{1882D0E5-D524-46AC-AD8C-6FA141867D7A}.Debug|Any CPU.ActiveCfg = Debug|x86
		{1882D0E5-D524-46AC-AD8C-6FA141867D7A}.Debug|ARM.ActiveCfg = Debug|ARM
		{1882D0E5-D524-46AC-AD8C-6FA141867D7A}.Debug|ARM.Build.0 = Debug|ARM
		{1882D0E5-D524-46AC-AD8C-6FA141867D7A}.Debug|ARM.Deploy.0 = Debug|ARM
		{1882D0E5-D524-46AC-AD8C-6FA141867D7A}.Debug|x64.ActiveCfg = Debug|x64
		{1882D0E5-D524-46AC-AD8C-6FA141867D7A}.Debug|x64.Build.0 = Debug|x64
		{1882D0E5-D524-46AC-AD8C-6FA141867D7A}.Debug|x64.Deploy.0 = Debug|x64
		{1882D0E5-D524-46AC-AD8C-6FA141867D7A}.Debug|x86.ActiveCfg = Debug|x86
		{1882D0E5-D524-46AC-AD8C-6FA141867D7A}.Debug|x86.Build.0 = Debug|x86
		{1882D0E5-D524-46AC-AD8C-6FA141867D7A}.Debug|x86.Deploy.0 = Debug|x86
		{1882D0E5-D524-46AC-AD8C-6FA141867D7A}.Release|Any CPU.ActiveCfg = Release|x86
		{1882D0E5-D524-46AC-AD8C-6FA141867D7A}.Release|ARM.ActiveCfg = Release|ARM
		{1882D0E5-D524-46AC-AD8C-6FA141867D7A}.Release|ARM.Build.0 = Release|ARM
		{1882D0E5-D524-46AC-AD8C-6FA141867D7A}.Release|ARM.Deploy.0 = Release|ARM
		{1882D0E5-D524-46AC-AD8C-6FA141867D7A}.Release|x64.ActiveCfg = Release|x64
		{1882D0E5-D524-46AC-AD8C-6FA141867D7A}.Release|x64.Build.0 = Release|x64
		{1882D0E5-D524-46AC-AD8C-6FA141867D7A}.Release|x64.Deploy.0 = Release|x64
		{1882D0E5-D524-46AC-AD8C-6FA141867D7A}.Release|x86.ActiveCfg = Release|x86
		{1882D0E5-D524-46AC-AD8C-6FA141867D7A}.Release|x86.Build.0 = Release|x86
		{1882D0E5-D524-46AC-AD8C-6FA141867D7A}.Release|x86.Deploy.0 = Release|x86
		{36CF04D3-B58D-4FAC-BEEE-818FBF0EC555}.Debug|Any CPU.ActiveCfg = Debug
		{36CF04D3-B58D-4FAC-BEEE-818FBF0EC555}.Debug|ARM.ActiveCfg = Debug
		{36CF04D3-B58D-4FAC-BEEE-818FBF0EC555}.Debug|x64.ActiveCfg = Debug
		{36CF04D3-B58D-4FAC-BEEE-818FBF0EC555}.Debug|x86.ActiveCfg = Debug
		{36CF04D3-B58D-4FAC-BEEE-818FBF0EC555}.Release|Any CPU.ActiveCfg = Release
		{36CF04D3-B58D-4FAC-BEEE-818FBF0EC555}.Release|ARM.ActiveCfg = Release
		{36CF04D3-B58D-4FAC-BEEE-818FBF0EC555}.Release|x64.ActiveCfg = Release
		{36CF04D3-B58D-4FAC-BEEE-818FBF0EC555}.Release|x86.ActiveCfg = Release
	EndGlobalSection
	GlobalSection(SolutionProperties) = preSolution
		HideSolutionNode = FALSE
	EndGlobalSection
	GlobalSection(ExtensibilityGlobals) = postSolution
		SolutionGuid = {C1B6441F-AD71-4BB4-AF80-9962528896E3}
	EndGlobalSection
EndGlobal
